
Microsoft Visual Studio Solution File, Format Version 12.00
# Visual Studio Version 17
VisualStudioVersion = 17.14.36511.14 d17.14
MinimumVisualStudioVersion = 10.0.40219.1
Project("{FAE04EC0-301F-11D3-BF4B-00C04F79EFBC}") = "CarDealerShip", "CarDealerShip\CarDealerShip.csproj", "{B33415DE-66C4-41C9-9252-E497F3383052}"
EndProject
Global
	GlobalSection(SolutionConfigurationPlatforms) = preSolution
		Debug|Any CPU = Debug|Any CPU
		Release|Any CPU = Release|Any CPU
	EndGlobalSection
	GlobalSection(ProjectConfigurationPlatforms) = postSolution
		{B33415DE-66C4-41C9-9252-E497F3383052}.Debug|Any CPU.ActiveCfg = Debug|Any CPU
		{B33415DE-66C4-41C9-9252-E497F3383052}.Debug|Any CPU.Build.0 = Debug|Any CPU
		{B33415DE-66C4-41C9-9252-E497F3383052}.Release|Any CPU.ActiveCfg = Release|Any CPU
		{B33415DE-66C4-41C9-9252-E497F3383052}.Release|Any CPU.Build.0 = Release|Any CPU
	EndGlobalSection
	GlobalSection(SolutionProperties) = preSolution
		HideSolutionNode = FALSE
	EndGlobalSection
	GlobalSection(ExtensibilityGlobals) = postSolution
		SolutionGuid = {7D75500B-59EC-4F89-AC81-5F032CBA3EF2}
	EndGlobalSection
EndGlobal
